
Microsoft Visual Studio Solution File, Format Version 12.00
# Visual Studio 15
VisualStudioVersion = 15.0.27428.2043
MinimumVisualStudioVersion = 10.0.40219.1
Project("{FAE04EC0-301F-11D3-BF4B-00C04F79EFBC}") = "RestCSharp", "RestCSharp\RestCSharp.csproj", "{03275FE0-0DAA-4321-B853-945DCFA46414}"
EndProject
Global
	GlobalSection(SolutionConfigurationPlatforms) = preSolution
		Debug|Any CPU = Debug|Any CPU
		Release|Any CPU = Release|Any CPU
	EndGlobalSection
	GlobalSection(ProjectConfigurationPlatforms) = postSolution
		{03275FE0-0DAA-4321-B853-945DCFA46414}.Debug|Any CPU.ActiveCfg = Debug|Any CPU
		{03275FE0-0DAA-4321-B853-945DCFA46414}.Debug|Any CPU.Build.0 = Debug|Any CPU
		{03275FE0-0DAA-4321-B853-945DCFA46414}.Release|Any CPU.ActiveCfg = Release|Any CPU
		{03275FE0-0DAA-4321-B853-945DCFA46414}.Release|Any CPU.Build.0 = Release|Any CPU
	EndGlobalSection
	GlobalSection(SolutionProperties) = preSolution
		HideSolutionNode = FALSE
	EndGlobalSection
	GlobalSection(ExtensibilityGlobals) = postSolution
		SolutionGuid = {8CA0B97E-BDFE-4E56-97AE-BFB5339D4BBA}
	EndGlobalSection
EndGlobal
